schema: '2.0'
stages:
  clean_data:
    cmd: python src/clean_data.py  --config=params.yaml
    deps:
    - path: data_given/chennai_housing_price.csv
      md5: 04bd17df2c16ef9e598cc0626a546721
      size: 942865
    - path: src/clean_data.py
      md5: 11d66f3c310e9abf08aa123ffdd277cc
      size: 1302
    - path: src/get_data.py
      md5: 92ce700cb24aecd6c888d83f147f73b3
      size: 650
    outs:
    - path: data/cleaned/chennai_housing_price.csv
      md5: 29661283be4002342cd42888444e1194
      size: 528838
  split_data:
    cmd: python src/split_data.py  --config=params.yaml
    deps:
    - path: data/cleaned/chennai_housing_price.csv
      md5: 29661283be4002342cd42888444e1194
      size: 528838
    - path: src/split_data.py
      md5: 6c0903c24bbf750ccccc3d73b92f1302
      size: 1085
    outs:
    - path: data/processed/test_chennaihousingprice.csv
      md5: 973664ed78bbb26799b47fc5b2a6bca2
      size: 105804
    - path: data/processed/train_chennaihousingprice.csv
      md5: 8ab7cbb3e266a5c185a2b7e54fe22bdf
      size: 423171
  train_and_evaluate:
    cmd: python src/train_and_evaluate.py  --config=params.yaml
    deps:
    - path: data/processed/test_chennaihousingprice.csv
      md5: 973664ed78bbb26799b47fc5b2a6bca2
      size: 105804
    - path: data/processed/train_chennaihousingprice.csv
      md5: 8ab7cbb3e266a5c185a2b7e54fe22bdf
      size: 423171
    - path: src/train_and_evaluate.py
      md5: 0924e24815bd638549d2612686c930b7
      size: 3489
    params:
      params.yaml:
        estimators.RandomForest.params.max_depth: 25
        estimators.RandomForest.params.max_features: 6
        estimators.RandomForest.params.n_estimators: 150
    outs:
    - path: report/params.json
      md5: e7723009f75e58e8214b3b65e406da08
      size: 71
    - path: report/scores.json
      md5: 25a87056ab44cd67d9bd5d9e776760e7
      size: 93
    - path: saved_model/pipeline.joblib
      md5: a88f853a1787992cefee62d8f2ffd3fc
      size: 69102304
